// !$*UTF8*$!
{
	archiveVersion = 1;
	classes = {
	};
	objectVersion = 46;
	objects = {

/* Begin PBXBuildFile section */
		A9727D4519EE114C00E7B82D /* college.jpg in Resources */ = {isa = PBXBuildFile; fileRef = A9727D4419EE114C00E7B82D /* college.jpg */; };
		A9727D4B19EE223900E7B82D /* uncheck.png in Resources */ = {isa = PBXBuildFile; fileRef = A9727D4919EE223900E7B82D /* uncheck.png */; };
		A9727D4C19EE223900E7B82D /* check.png in Resources */ = {isa = PBXBuildFile; fileRef = A9727D4A19EE223900E7B82D /* check.png */; };
		A9DB906019ECC5BA00127DF6 /* Foundation.framework in Frameworks */ = {isa = PBXBuildFile; fileRef = A9DB905F19ECC5BA00127DF6 /* Foundation.framework */; };
		A9DB906219ECC5BA00127DF6 /* CoreGraphics.framework in Frameworks */ = {isa = PBXBuildFile; fileRef = A9DB906119ECC5BA00127DF6 /* CoreGraphics.framework */; };
		A9DB906419ECC5BA00127DF6 /* UIKit.framework in Frameworks */ = {isa = PBXBuildFile; fileRef = A9DB906319ECC5BA00127DF6 /* UIKit.framework */; };
		A9DB906A19ECC5BA00127DF6 /* InfoPlist.strings in Resources */ = {isa = PBXBuildFile; fileRef = A9DB906819ECC5BA00127DF6 /* InfoPlist.strings */; };
		A9DB906C19ECC5BA00127DF6 /* main.m in Sources */ = {isa = PBXBuildFile; fileRef = A9DB906B19ECC5BA00127DF6 /* main.m */; };
		A9DB907B19ECC5BA00127DF6 /* Images.xcassets in Resources */ = {isa = PBXBuildFile; fileRef = A9DB907A19ECC5BA00127DF6 /* Images.xcassets */; };
		A9DB908219ECC5BA00127DF6 /* XCTest.framework in Frameworks */ = {isa = PBXBuildFile; fileRef = A9DB908119ECC5BA00127DF6 /* XCTest.framework */; };
		A9DB908319ECC5BA00127DF6 /* Foundation.framework in Frameworks */ = {isa = PBXBuildFile; fileRef = A9DB905F19ECC5BA00127DF6 /* Foundation.framework */; };
		A9DB908419ECC5BA00127DF6 /* UIKit.framework in Frameworks */ = {isa = PBXBuildFile; fileRef = A9DB906319ECC5BA00127DF6 /* UIKit.framework */; };
		A9DB908C19ECC5BA00127DF6 /* InfoPlist.strings in Resources */ = {isa = PBXBuildFile; fileRef = A9DB908A19ECC5BA00127DF6 /* InfoPlist.strings */; };
		A9DB908E19ECC5BA00127DF6 /* MyStudentInfoTests.m in Sources */ = {isa = PBXBuildFile; fileRef = A9DB908D19ECC5BA00127DF6 /* MyStudentInfoTests.m */; };
		A9DB90A419ECC6BA00127DF6 /* SAAppDelegate.m in Sources */ = {isa = PBXBuildFile; fileRef = A9DB909A19ECC6BA00127DF6 /* SAAppDelegate.m */; };
		A9DB90A519ECC6BA00127DF6 /* SAViewController.m in Sources */ = {isa = PBXBuildFile; fileRef = A9DB909E19ECC6BA00127DF6 /* SAViewController.m */; };
		A9DB90A619ECC6BA00127DF6 /* Main_iPad.storyboard in Resources */ = {isa = PBXBuildFile; fileRef = A9DB90A219ECC6BA00127DF6 /* Main_iPad.storyboard */; };
		A9DB90A719ECC6BA00127DF6 /* Main_iPhone.storyboard in Resources */ = {isa = PBXBuildFile; fileRef = A9DB90A319ECC6BA00127DF6 /* Main_iPhone.storyboard */; };
		A9DB90AB19ECCA6700127DF6 /* SALoginVC.m in Sources */ = {isa = PBXBuildFile; fileRef = A9DB90AA19ECCA6700127DF6 /* SALoginVC.m */; };
		A9EEEB3819EF623F00C088DD /* XMLReader.m in Sources */ = {isa = PBXBuildFile; fileRef = A9EEEB3719EF623F00C088DD /* XMLReader.m */; };
		A9EEEB3C19EF6BDE00C088DD /* SAHomeVC.m in Sources */ = {isa = PBXBuildFile; fileRef = A9EEEB3B19EF6BDE00C088DD /* SAHomeVC.m */; };
		A9EEEB4219EF6CEB00C088DD /* Settings.jpg in Resources */ = {isa = PBXBuildFile; fileRef = A9EEEB3D19EF6CEB00C088DD /* Settings.jpg */; };
		A9EEEB4319EF6CEB00C088DD /* library.png in Resources */ = {isa = PBXBuildFile; fileRef = A9EEEB3E19EF6CEB00C088DD /* library.png */; };
		A9EEEB4419EF6CEB00C088DD /* result.jpg in Resources */ = {isa = PBXBuildFile; fileRef = A9EEEB3F19EF6CEB00C088DD /* result.jpg */; };
		A9EEEB4519EF6CEB00C088DD /* info.jpg in Resources */ = {isa = PBXBuildFile; fileRef = A9EEEB4019EF6CEB00C088DD /* info.jpg */; };
		A9EEEB4619EF6CEB00C088DD /* attendance.jpg in Resources */ = {isa = PBXBuildFile; fileRef = A9EEEB4119EF6CEB00C088DD /* attendance.jpg */; };
		A9EEEB4819EF701C00C088DD /* aulogo0.png in Resources */ = {isa = PBXBuildFile; fileRef = A9EEEB4719EF701C00C088DD /* aulogo0.png */; };
		A9EEEB4A19EF702000C088DD /* aulogo.png in Resources */ = {isa = PBXBuildFile; fileRef = A9EEEB4919EF702000C088DD /* aulogo.png */; };
		A9EEEB4C19EF70D700C088DD /* auLogoNew.png in Resources */ = {isa = PBXBuildFile; fileRef = A9EEEB4B19EF70D700C088DD /* auLogoNew.png */; };
		F3BB273919EFB2F800BDB023 /* SAAhdUniVC.m in Sources */ = {isa = PBXBuildFile; fileRef = F3BB273819EFB2F800BDB023 /* SAAhdUniVC.m */; };
		F3BB274319EFBA8E00BDB023 /* SAAttendanceVC.m in Sources */ = {isa = PBXBuildFile; fileRef = F3BB274219EFBA8E00BDB023 /* SAAttendanceVC.m */; };
		F3BB274619EFBADB00BDB023 /* SAInfoVC.m in Sources */ = {isa = PBXBuildFile; fileRef = F3BB274519EFBADB00BDB023 /* SAInfoVC.m */; };
		F3BB274919EFBB0900BDB023 /* SALibraryVC.m in Sources */ = {isa = PBXBuildFile; fileRef = F3BB274819EFBB0900BDB023 /* SALibraryVC.m */; };
		F3BB274C19EFBB3B00BDB023 /* SAResultVC.m in Sources */ = {isa = PBXBuildFile; fileRef = F3BB274B19EFBB3B00BDB023 /* SAResultVC.m */; };
		F3BB274E19EFBFE800BDB023 /* File.html in Resources */ = {isa = PBXBuildFile; fileRef = F3BB274D19EFBFE800BDB023 /* File.html */; };
		F3F0480E19EFDE7C006A644B /* loginButton.png in Resources */ = {isa = PBXBuildFile; fileRef = F3F0480D19EFDE7C006A644B /* loginButton.png */; };
/* End PBXBuildFile section */

/* Begin PBXContainerItemProxy section */
		A9DB908519ECC5BA00127DF6 /* PBXContainerItemProxy */ = {
			isa = PBXContainerItemProxy;
			containerPortal = A9DB905419ECC5BA00127DF6 /* Project object */;
			proxyType = 1;
			remoteGlobalIDString = A9DB905B19ECC5BA00127DF6;
			remoteInfo = MyStudentInfo;
		};
/* End PBXContainerItemProxy section */

/* Begin PBXFileReference section */
		A9727D4419EE114C00E7B82D /* college.jpg */ = {isa = PBXFileReference; lastKnownFileType = image.jpeg; path = college.jpg; sourceTree = "<group>"; };
		A9727D4919EE223900E7B82D /* uncheck.png */ = {isa = PBXFileReference; lastKnownFileType = image.png; name = uncheck.png; path = ../uncheck.png; sourceTree = "<group>"; };
		A9727D4A19EE223900E7B82D /* check.png */ = {isa = PBXFileReference; lastKnownFileType = image.png; name = check.png; path = ../check.png; sourceTree = "<group>"; };
		A9DB905C19ECC5BA00127DF6 /* MyStudentInfo.app */ = {isa = PBXFileReference; explicitFileType = wrapper.application; includeInIndex = 0; path = MyStudentInfo.app; sourceTree = BUILT_PRODUCTS_DIR; };
		A9DB905F19ECC5BA00127DF6 /* Foundation.framework */ = {isa = PBXFileReference; lastKnownFileType = wrapper.framework; name = Foundation.framework; path = System/Library/Frameworks/Foundation.framework; sourceTree = SDKROOT; };
		A9DB906119ECC5BA00127DF6 /* CoreGraphics.framework */ = {isa = PBXFileReference; lastKnownFileType = wrapper.framework; name = CoreGraphics.framework; path = System/Library/Frameworks/CoreGraphics.framework; sourceTree = SDKROOT; };
		A9DB906319ECC5BA00127DF6 /* UIKit.framework */ = {isa = PBXFileReference; lastKnownFileType = wrapper.framework; name = UIKit.framework; path = System/Library/Frameworks/UIKit.framework; sourceTree = SDKROOT; };
		A9DB906719ECC5BA00127DF6 /* MyStudentInfo-Info.plist */ = {isa = PBXFileReference; lastKnownFileType = text.plist.xml; path = "MyStudentInfo-Info.plist"; sourceTree = "<group>"; };
		A9DB906919ECC5BA00127DF6 /* en */ = {isa = PBXFileReference; lastKnownFileType = text.plist.strings; name = en; path = en.lproj/InfoPlist.strings; sourceTree = "<group>"; };
		A9DB906B19ECC5BA00127DF6 /* main.m */ = {isa = PBXFileReference; lastKnownFileType = sourcecode.c.objc; path = main.m; sourceTree = "<group>"; };
		A9DB906D19ECC5BA00127DF6 /* MyStudentInfo-Prefix.pch */ = {isa = PBXFileReference; lastKnownFileType = sourcecode.c.h; path = "MyStudentInfo-Prefix.pch"; sourceTree = "<group>"; };
		A9DB907A19ECC5BA00127DF6 /* Images.xcassets */ = {isa = PBXFileReference; lastKnownFileType = folder.assetcatalog; path = Images.xcassets; sourceTree = "<group>"; };
		A9DB908019ECC5BA00127DF6 /* MyStudentInfoTests.xctest */ = {isa = PBXFileReference; explicitFileType = wrapper.cfbundle; includeInIndex = 0; path = MyStudentInfoTests.xctest; sourceTree = BUILT_PRODUCTS_DIR; };
		A9DB908119ECC5BA00127DF6 /* XCTest.framework */ = {isa = PBXFileReference; lastKnownFileType = wrapper.framework; name = XCTest.framework; path = Library/Frameworks/XCTest.framework; sourceTree = DEVELOPER_DIR; };
		A9DB908919ECC5BA00127DF6 /* MyStudentInfoTests-Info.plist */ = {isa = PBXFileReference; lastKnownFileType = text.plist.xml; path = "MyStudentInfoTests-Info.plist"; sourceTree = "<group>"; };
		A9DB908B19ECC5BA00127DF6 /* en */ = {isa = PBXFileReference; lastKnownFileType = text.plist.strings; name = en; path = en.lproj/InfoPlist.strings; sourceTree = "<group>"; };
		A9DB908D19ECC5BA00127DF6 /* MyStudentInfoTests.m */ = {isa = PBXFileReference; lastKnownFileType = sourcecode.c.objc; path = MyStudentInfoTests.m; sourceTree = "<group>"; };
		A9DB909919ECC6BA00127DF6 /* SAAppDelegate.h */ = {isa = PBXFileReference; fileEncoding = 4; lastKnownFileType = sourcecode.c.h; path = SAAppDelegate.h; sourceTree = "<group>"; };
		A9DB909A19ECC6BA00127DF6 /* SAAppDelegate.m */ = {isa = PBXFileReference; fileEncoding = 4; lastKnownFileType = sourcecode.c.objc; path = SAAppDelegate.m; sourceTree = "<group>"; };
		A9DB909D19ECC6BA00127DF6 /* SAViewController.h */ = {isa = PBXFileReference; fileEncoding = 4; lastKnownFileType = sourcecode.c.h; path = SAViewController.h; sourceTree = "<group>"; };
		A9DB909E19ECC6BA00127DF6 /* SAViewController.m */ = {isa = PBXFileReference; fileEncoding = 4; lastKnownFileType = sourcecode.c.objc; path = SAViewController.m; sourceTree = "<group>"; };
		A9DB90A219ECC6BA00127DF6 /* Main_iPad.storyboard */ = {isa = PBXFileReference; fileEncoding = 4; lastKnownFileType = file.storyboard; path = Main_iPad.storyboard; sourceTree = "<group>"; };
		A9DB90A319ECC6BA00127DF6 /* Main_iPhone.storyboard */ = {isa = PBXFileReference; fileEncoding = 4; lastKnownFileType = file.storyboard; path = Main_iPhone.storyboard; sourceTree = "<group>"; };
		A9DB90A919ECCA6700127DF6 /* SALoginVC.h */ = {isa = PBXFileReference; fileEncoding = 4; lastKnownFileType = sourcecode.c.h; path = SALoginVC.h; sourceTree = "<group>"; };
		A9DB90AA19ECCA6700127DF6 /* SALoginVC.m */ = {isa = PBXFileReference; fileEncoding = 4; lastKnownFileType = sourcecode.c.objc; path = SALoginVC.m; sourceTree = "<group>"; };
		A9EEEB3619EF623F00C088DD /* XMLReader.h */ = {isa = PBXFileReference; fileEncoding = 4; lastKnownFileType = sourcecode.c.h; path = XMLReader.h; sourceTree = "<group>"; };
		A9EEEB3719EF623F00C088DD /* XMLReader.m */ = {isa = PBXFileReference; fileEncoding = 4; lastKnownFileType = sourcecode.c.objc; path = XMLReader.m; sourceTree = "<group>"; };
		A9EEEB3A19EF6BDE00C088DD /* SAHomeVC.h */ = {isa = PBXFileReference; fileEncoding = 4; lastKnownFileType = sourcecode.c.h; path = SAHomeVC.h; sourceTree = "<group>"; };
		A9EEEB3B19EF6BDE00C088DD /* SAHomeVC.m */ = {isa = PBXFileReference; fileEncoding = 4; lastKnownFileType = sourcecode.c.objc; path = SAHomeVC.m; sourceTree = "<group>"; };
		A9EEEB3D19EF6CEB00C088DD /* Settings.jpg */ = {isa = PBXFileReference; lastKnownFileType = image.jpeg; path = Settings.jpg; sourceTree = "<group>"; };
		A9EEEB3E19EF6CEB00C088DD /* library.png */ = {isa = PBXFileReference; lastKnownFileType = image.png; path = library.png; sourceTree = "<group>"; };
		A9EEEB3F19EF6CEB00C088DD /* result.jpg */ = {isa = PBXFileReference; lastKnownFileType = image.jpeg; path = result.jpg; sourceTree = "<group>"; };
		A9EEEB4019EF6CEB00C088DD /* info.jpg */ = {isa = PBXFileReference; lastKnownFileType = image.jpeg; path = info.jpg; sourceTree = "<group>"; };
		A9EEEB4119EF6CEB00C088DD /* attendance.jpg */ = {isa = PBXFileReference; lastKnownFileType = image.jpeg; path = attendance.jpg; sourceTree = "<group>"; };
		A9EEEB4719EF701C00C088DD /* aulogo0.png */ = {isa = PBXFileReference; lastKnownFileType = image.png; path = aulogo0.png; sourceTree = "<group>"; };
		A9EEEB4919EF702000C088DD /* aulogo.png */ = {isa = PBXFileReference; lastKnownFileType = image.png; path = aulogo.png; sourceTree = "<group>"; };
		A9EEEB4B19EF70D700C088DD /* auLogoNew.png */ = {isa = PBXFileReference; lastKnownFileType = image.png; path = auLogoNew.png; sourceTree = "<group>"; };
		F3BB273719EFB2F800BDB023 /* SAAhdUniVC.h */ = {isa = PBXFileReference; fileEncoding = 4; lastKnownFileType = sourcecode.c.h; path = SAAhdUniVC.h; sourceTree = "<group>"; };
		F3BB273819EFB2F800BDB023 /* SAAhdUniVC.m */ = {isa = PBXFileReference; fileEncoding = 4; lastKnownFileType = sourcecode.c.objc; path = SAAhdUniVC.m; sourceTree = "<group>"; };
		F3BB274119EFBA8E00BDB023 /* SAAttendanceVC.h */ = {isa = PBXFileReference; fileEncoding = 4; lastKnownFileType = sourcecode.c.h; path = SAAttendanceVC.h; sourceTree = "<group>"; };
		F3BB274219EFBA8E00BDB023 /* SAAttendanceVC.m */ = {isa = PBXFileReference; fileEncoding = 4; lastKnownFileType = sourcecode.c.objc; path = SAAttendanceVC.m; sourceTree = "<group>"; };
		F3BB274419EFBADB00BDB023 /* SAInfoVC.h */ = {isa = PBXFileReference; fileEncoding = 4; lastKnownFileType = sourcecode.c.h; path = SAInfoVC.h; sourceTree = "<group>"; };
		F3BB274519EFBADB00BDB023 /* SAInfoVC.m */ = {isa = PBXFileReference; fileEncoding = 4; lastKnownFileType = sourcecode.c.objc; path = SAInfoVC.m; sourceTree = "<group>"; };
		F3BB274719EFBB0900BDB023 /* SALibraryVC.h */ = {isa = PBXFileReference; fileEncoding = 4; lastKnownFileType = sourcecode.c.h; path = SALibraryVC.h; sourceTree = "<group>"; };
		F3BB274819EFBB0900BDB023 /* SALibraryVC.m */ = {isa = PBXFileReference; fileEncoding = 4; lastKnownFileType = sourcecode.c.objc; path = SALibraryVC.m; sourceTree = "<group>"; };
		F3BB274A19EFBB3B00BDB023 /* SAResultVC.h */ = {isa = PBXFileReference; fileEncoding = 4; lastKnownFileType = sourcecode.c.h; path = SAResultVC.h; sourceTree = "<group>"; };
		F3BB274B19EFBB3B00BDB023 /* SAResultVC.m */ = {isa = PBXFileReference; fileEncoding = 4; lastKnownFileType = sourcecode.c.objc; path = SAResultVC.m; sourceTree = "<group>"; };
		F3BB274D19EFBFE800BDB023 /* File.html */ = {isa = PBXFileReference; fileEncoding = 4; lastKnownFileType = text.html; path = File.html; sourceTree = "<group>"; };
		F3F0480D19EFDE7C006A644B /* loginButton.png */ = {isa = PBXFileReference; lastKnownFileType = image.png; path = loginButton.png; sourceTree = "<group>"; };
/* End PBXFileReference section */

/* Begin PBXFrameworksBuildPhase section */
		A9DB905919ECC5BA00127DF6 /* Frameworks */ = {
			isa = PBXFrameworksBuildPhase;
			buildActionMask = 2147483647;
			files = (
				A9DB906219ECC5BA00127DF6 /* CoreGraphics.framework in Frameworks */,
				A9DB906419ECC5BA00127DF6 /* UIKit.framework in Frameworks */,
				A9DB906019ECC5BA00127DF6 /* Foundation.framework in Frameworks */,
			);
			runOnlyForDeploymentPostprocessing = 0;
		};
		A9DB907D19ECC5BA00127DF6 /* Frameworks */ = {
			isa = PBXFrameworksBuildPhase;
			buildActionMask = 2147483647;
			files = (
				A9DB908219ECC5BA00127DF6 /* XCTest.framework in Frameworks */,
				A9DB908419ECC5BA00127DF6 /* UIKit.framework in Frameworks */,
				A9DB908319ECC5BA00127DF6 /* Foundation.framework in Frameworks */,
			);
			runOnlyForDeploymentPostprocessing = 0;
		};
/* End PBXFrameworksBuildPhase section */

/* Begin PBXGroup section */
		A9DB905319ECC5BA00127DF6 = {
			isa = PBXGroup;
			children = (
				A9DB906519ECC5BA00127DF6 /* MyStudentInfo */,
				A9DB908719ECC5BA00127DF6 /* MyStudentInfoTests */,
				A9DB905E19ECC5BA00127DF6 /* Frameworks */,
				A9DB905D19ECC5BA00127DF6 /* Products */,
			);
			sourceTree = "<group>";
		};
		A9DB905D19ECC5BA00127DF6 /* Products */ = {
			isa = PBXGroup;
			children = (
				A9DB905C19ECC5BA00127DF6 /* MyStudentInfo.app */,
				A9DB908019ECC5BA00127DF6 /* MyStudentInfoTests.xctest */,
			);
			name = Products;
			sourceTree = "<group>";
		};
		A9DB905E19ECC5BA00127DF6 /* Frameworks */ = {
			isa = PBXGroup;
			children = (
				A9DB905F19ECC5BA00127DF6 /* Foundation.framework */,
				A9DB906119ECC5BA00127DF6 /* CoreGraphics.framework */,
				A9DB906319ECC5BA00127DF6 /* UIKit.framework */,
				A9DB908119ECC5BA00127DF6 /* XCTest.framework */,
			);
			name = Frameworks;
			sourceTree = "<group>";
		};
		A9DB906519ECC5BA00127DF6 /* MyStudentInfo */ = {
			isa = PBXGroup;
			children = (
				A9DB909719ECC6BA00127DF6 /* Classes */,
				A9DB909F19ECC6BA00127DF6 /* Other Classes */,
				A9DB90A019ECC6BA00127DF6 /* Resources */,
				A9DB90A119ECC6BA00127DF6 /* StoryBoard */,
				A9DB907A19ECC5BA00127DF6 /* Images.xcassets */,
				A9DB906619ECC5BA00127DF6 /* Supporting Files */,
			);
			path = MyStudentInfo;
			sourceTree = "<group>";
		};
		A9DB906619ECC5BA00127DF6 /* Supporting Files */ = {
			isa = PBXGroup;
			children = (
				A9DB906719ECC5BA00127DF6 /* MyStudentInfo-Info.plist */,
				A9DB906819ECC5BA00127DF6 /* InfoPlist.strings */,
				A9DB906B19ECC5BA00127DF6 /* main.m */,
				A9DB906D19ECC5BA00127DF6 /* MyStudentInfo-Prefix.pch */,
			);
			name = "Supporting Files";
			sourceTree = "<group>";
		};
		A9DB908719ECC5BA00127DF6 /* MyStudentInfoTests */ = {
			isa = PBXGroup;
			children = (
				A9DB908D19ECC5BA00127DF6 /* MyStudentInfoTests.m */,
				A9DB908819ECC5BA00127DF6 /* Supporting Files */,
			);
			path = MyStudentInfoTests;
			sourceTree = "<group>";
		};
		A9DB908819ECC5BA00127DF6 /* Supporting Files */ = {
			isa = PBXGroup;
			children = (
				A9DB908919ECC5BA00127DF6 /* MyStudentInfoTests-Info.plist */,
				A9DB908A19ECC5BA00127DF6 /* InfoPlist.strings */,
			);
			name = "Supporting Files";
			sourceTree = "<group>";
		};
		A9DB909719ECC6BA00127DF6 /* Classes */ = {
			isa = PBXGroup;
			children = (
				A9DB909819ECC6BA00127DF6 /* Appdelegate */,
				A9DB909B19ECC6BA00127DF6 /* ViewControllers */,
			);
			path = Classes;
			sourceTree = "<group>";
		};
		A9DB909819ECC6BA00127DF6 /* Appdelegate */ = {
			isa = PBXGroup;
			children = (
				A9DB909919ECC6BA00127DF6 /* SAAppDelegate.h */,
				A9DB909A19ECC6BA00127DF6 /* SAAppDelegate.m */,
			);
			path = Appdelegate;
			sourceTree = "<group>";
		};
		A9DB909B19ECC6BA00127DF6 /* ViewControllers */ = {
			isa = PBXGroup;
			children = (
				F3BB273A19EFBA2700BDB023 /* AesicsVC */,
				F3BB273B19EFBA2700BDB023 /* AttendanceVC */,
				F3BB273C19EFBA2700BDB023 /* GoogleDocsVC */,
				F3BB273D19EFBA2700BDB023 /* InfoVC */,
				F3BB273E19EFBA2700BDB023 /* LibraryVC */,
				F3BB273F19EFBA2700BDB023 /* MoodleVC */,
				F3BB274019EFBA2700BDB023 /* ResultVC */,
				F3BB273619EFB2E000BDB023 /* AhdUniVC */,
				A9EEEB3919EF6BB800C088DD /* HomeVC */,
				A9DB90A819ECCA5100127DF6 /* LoginVC */,
				A9DB909C19ECC6BA00127DF6 /* SplashScreenVc */,
			);
			path = ViewControllers;
			sourceTree = "<group>";
		};
		A9DB909C19ECC6BA00127DF6 /* SplashScreenVc */ = {
			isa = PBXGroup;
			children = (
				A9DB909D19ECC6BA00127DF6 /* SAViewController.h */,
				A9DB909E19ECC6BA00127DF6 /* SAViewController.m */,
			);
			path = SplashScreenVc;
			sourceTree = "<group>";
		};
		A9DB909F19ECC6BA00127DF6 /* Other Classes */ = {
			isa = PBXGroup;
			children = (
				A9EEEB3619EF623F00C088DD /* XMLReader.h */,
				A9EEEB3719EF623F00C088DD /* XMLReader.m */,
			);
			path = "Other Classes";
			sourceTree = "<group>";
		};
		A9DB90A019ECC6BA00127DF6 /* Resources */ = {
			isa = PBXGroup;
			children = (
				F3F0480D19EFDE7C006A644B /* loginButton.png */,
				A9EEEB4B19EF70D700C088DD /* auLogoNew.png */,
				A9EEEB4919EF702000C088DD /* aulogo.png */,
				A9EEEB4719EF701C00C088DD /* aulogo0.png */,
				A9EEEB3D19EF6CEB00C088DD /* Settings.jpg */,
				A9EEEB3E19EF6CEB00C088DD /* library.png */,
				A9EEEB3F19EF6CEB00C088DD /* result.jpg */,
				A9EEEB4019EF6CEB00C088DD /* info.jpg */,
				A9EEEB4119EF6CEB00C088DD /* attendance.jpg */,
				A9727D4919EE223900E7B82D /* uncheck.png */,
				A9727D4A19EE223900E7B82D /* check.png */,
				A9727D4419EE114C00E7B82D /* college.jpg */,
				F3BB274D19EFBFE800BDB023 /* File.html */,
			);
			path = Resources;
			sourceTree = "<group>";
		};
		A9DB90A119ECC6BA00127DF6 /* StoryBoard */ = {
			isa = PBXGroup;
			children = (
				A9DB90A219ECC6BA00127DF6 /* Main_iPad.storyboard */,
				A9DB90A319ECC6BA00127DF6 /* Main_iPhone.storyboard */,
			);
			path = StoryBoard;
			sourceTree = "<group>";
		};
		A9DB90A819ECCA5100127DF6 /* LoginVC */ = {
			isa = PBXGroup;
			children = (
				A9DB90A919ECCA6700127DF6 /* SALoginVC.h */,
				A9DB90AA19ECCA6700127DF6 /* SALoginVC.m */,
			);
			path = LoginVC;
			sourceTree = "<group>";
		};
		A9EEEB3919EF6BB800C088DD /* HomeVC */ = {
			isa = PBXGroup;
			children = (
				A9EEEB3A19EF6BDE00C088DD /* SAHomeVC.h */,
				A9EEEB3B19EF6BDE00C088DD /* SAHomeVC.m */,
			);
			path = HomeVC;
			sourceTree = "<group>";
		};
		F3BB273619EFB2E000BDB023 /* AhdUniVC */ = {
			isa = PBXGroup;
			children = (
				F3BB273719EFB2F800BDB023 /* SAAhdUniVC.h */,
				F3BB273819EFB2F800BDB023 /* SAAhdUniVC.m */,
			);
			path = AhdUniVC;
			sourceTree = "<group>";
		};
		F3BB273A19EFBA2700BDB023 /* AesicsVC */ = {
			isa = PBXGroup;
			children = (
			);
			path = AesicsVC;
			sourceTree = "<group>";
		};
		F3BB273B19EFBA2700BDB023 /* AttendanceVC */ = {
			isa = PBXGroup;
			children = (
				F3BB274119EFBA8E00BDB023 /* SAAttendanceVC.h */,
				F3BB274219EFBA8E00BDB023 /* SAAttendanceVC.m */,
			);
			path = AttendanceVC;
			sourceTree = "<group>";
		};
		F3BB273C19EFBA2700BDB023 /* GoogleDocsVC */ = {
			isa = PBXGroup;
			children = (
			);
			path = GoogleDocsVC;
			sourceTree = "<group>";
		};
		F3BB273D19EFBA2700BDB023 /* InfoVC */ = {
			isa = PBXGroup;
			children = (
				F3BB274419EFBADB00BDB023 /* SAInfoVC.h */,
				F3BB274519EFBADB00BDB023 /* SAInfoVC.m */,
			);
			path = InfoVC;
			sourceTree = "<group>";
		};
		F3BB273E19EFBA2700BDB023 /* LibraryVC */ = {
			isa = PBXGroup;
			children = (
				F3BB274719EFBB0900BDB023 /* SALibraryVC.h */,
				F3BB274819EFBB0900BDB023 /* SALibraryVC.m */,
			);
			path = LibraryVC;
			sourceTree = "<group>";
		};
		F3BB273F19EFBA2700BDB023 /* MoodleVC */ = {
			isa = PBXGroup;
			children = (
			);
			path = MoodleVC;
			sourceTree = "<group>";
		};
		F3BB274019EFBA2700BDB023 /* ResultVC */ = {
			isa = PBXGroup;
			children = (
				F3BB274A19EFBB3B00BDB023 /* SAResultVC.h */,
				F3BB274B19EFBB3B00BDB023 /* SAResultVC.m */,
			);
			path = ResultVC;
			sourceTree = "<group>";
		};
/* End PBXGroup section */

/* Begin PBXNativeTarget section */
		A9DB905B19ECC5BA00127DF6 /* MyStudentInfo */ = {
			isa = PBXNativeTarget;
			buildConfigurationList = A9DB909119ECC5BA00127DF6 /* Build configuration list for PBXNativeTarget "MyStudentInfo" */;
			buildPhases = (
				A9DB905819ECC5BA00127DF6 /* Sources */,
				A9DB905919ECC5BA00127DF6 /* Frameworks */,
				A9DB905A19ECC5BA00127DF6 /* Resources */,
			);
			buildRules = (
			);
			dependencies = (
			);
			name = MyStudentInfo;
			productName = MyStudentInfo;
			productReference = A9DB905C19ECC5BA00127DF6 /* MyStudentInfo.app */;
			productType = "com.apple.product-type.application";
		};
		A9DB907F19ECC5BA00127DF6 /* MyStudentInfoTests */ = {
			isa = PBXNativeTarget;
			buildConfigurationList = A9DB909419ECC5BA00127DF6 /* Build configuration list for PBXNativeTarget "MyStudentInfoTests" */;
			buildPhases = (
				A9DB907C19ECC5BA00127DF6 /* Sources */,
				A9DB907D19ECC5BA00127DF6 /* Frameworks */,
				A9DB907E19ECC5BA00127DF6 /* Resources */,
			);
			buildRules = (
			);
			dependencies = (
				A9DB908619ECC5BA00127DF6 /* PBXTargetDependency */,
			);
			name = MyStudentInfoTests;
			productName = MyStudentInfoTests;
			productReference = A9DB908019ECC5BA00127DF6 /* MyStudentInfoTests.xctest */;
			productType = "com.apple.product-type.bundle.unit-test";
		};
/* End PBXNativeTarget section */

/* Begin PBXProject section */
		A9DB905419ECC5BA00127DF6 /* Project object */ = {
			isa = PBXProject;
			attributes = {
				CLASSPREFIX = SA;
				LastUpgradeCheck = 0510;
				ORGANIZATIONNAME = SCS;
				TargetAttributes = {
					A9DB907F19ECC5BA00127DF6 = {
						TestTargetID = A9DB905B19ECC5BA00127DF6;
					};
				};
			};
			buildConfigurationList = A9DB905719ECC5BA00127DF6 /* Build configuration list for PBXProject "MyStudentInfo" */;
			compatibilityVersion = "Xcode 3.2";
			developmentRegion = English;
			hasScannedForEncodings = 0;
			knownRegions = (
				en,
				Base,
			);
			mainGroup = A9DB905319ECC5BA00127DF6;
			productRefGroup = A9DB905D19ECC5BA00127DF6 /* Products */;
			projectDirPath = "";
			projectRoot = "";
			targets = (
				A9DB905B19ECC5BA00127DF6 /* MyStudentInfo */,
				A9DB907F19ECC5BA00127DF6 /* MyStudentInfoTests */,
			);
		};
/* End PBXProject section */

/* Begin PBXResourcesBuildPhase section */
		A9DB905A19ECC5BA00127DF6 /* Resources */ = {
			isa = PBXResourcesBuildPhase;
			buildActionMask = 2147483647;
			files = (
				A9EEEB4819EF701C00C088DD /* aulogo0.png in Resources */,
				A9EEEB4C19EF70D700C088DD /* auLogoNew.png in Resources */,
				A9DB90A719ECC6BA00127DF6 /* Main_iPhone.storyboard in Resources */,
				A9EEEB4319EF6CEB00C088DD /* library.png in Resources */,
				F3BB274E19EFBFE800BDB023 /* File.html in Resources */,
				A9DB90A619ECC6BA00127DF6 /* Main_iPad.storyboard in Resources */,
				A9EEEB4519EF6CEB00C088DD /* info.jpg in Resources */,
				A9EEEB4619EF6CEB00C088DD /* attendance.jpg in Resources */,
				A9727D4C19EE223900E7B82D /* check.png in Resources */,
				A9EEEB4419EF6CEB00C088DD /* result.jpg in Resources */,
				A9EEEB4A19EF702000C088DD /* aulogo.png in Resources */,
				A9DB907B19ECC5BA00127DF6 /* Images.xcassets in Resources */,
				A9EEEB4219EF6CEB00C088DD /* Settings.jpg in Resources */,
				A9DB906A19ECC5BA00127DF6 /* InfoPlist.strings in Resources */,
				A9727D4519EE114C00E7B82D /* college.jpg in Resources */,
				A9727D4B19EE223900E7B82D /* uncheck.png in Resources */,
				F3F0480E19EFDE7C006A644B /* loginButton.png in Resources */,
			);
			runOnlyForDeploymentPostprocessing = 0;
		};
		A9DB907E19ECC5BA00127DF6 /* Resources */ = {
			isa = PBXResourcesBuildPhase;
			buildActionMask = 2147483647;
			files = (
				A9DB908C19ECC5BA00127DF6 /* InfoPlist.strings in Resources */,
			);
			runOnlyForDeploymentPostprocessing = 0;
		};
/* End PBXResourcesBuildPhase section */

/* Begin PBXSourcesBuildPhase section */
		A9DB905819ECC5BA00127DF6 /* Sources */ = {
			isa = PBXSourcesBuildPhase;
			buildActionMask = 2147483647;
			files = (
				F3BB273919EFB2F800BDB023 /* SAAhdUniVC.m in Sources */,
				A9DB90AB19ECCA6700127DF6 /* SALoginVC.m in Sources */,
				A9DB90A419ECC6BA00127DF6 /* SAAppDelegate.m in Sources */,
				F3BB274C19EFBB3B00BDB023 /* SAResultVC.m in Sources */,
				F3BB274619EFBADB00BDB023 /* SAInfoVC.m in Sources */,
				A9EEEB3819EF623F00C088DD /* XMLReader.m in Sources */,
				A9DB90A519ECC6BA00127DF6 /* SAViewController.m in Sources */,
				F3BB274919EFBB0900BDB023 /* SALibraryVC.m in Sources */,
				A9DB906C19ECC5BA00127DF6 /* main.m in Sources */,
				A9EEEB3C19EF6BDE00C088DD /* SAHomeVC.m in Sources */,
				F3BB274319EFBA8E00BDB023 /* SAAttendanceVC.m in Sources */,
			);
			runOnlyForDeploymentPostprocessing = 0;
		};
		A9DB907C19ECC5BA00127DF6 /* Sources */ = {
			isa = PBXSourcesBuildPhase;
			buildActionMask = 2147483647;
			files = (
				A9DB908E19ECC5BA00127DF6 /* MyStudentInfoTests.m in Sources */,
			);
			runOnlyForDeploymentPostprocessing = 0;
		};
/* End PBXSourcesBuildPhase section */

/* Begin PBXTargetDependency section */
		A9DB908619ECC5BA00127DF6 /* PBXTargetDependency */ = {
			isa = PBXTargetDependency;
			target = A9DB905B19ECC5BA00127DF6 /* MyStudentInfo */;
			targetProxy = A9DB908519ECC5BA00127DF6 /* PBXContainerItemProxy */;
		};
/* End PBXTargetDependency section */

/* Begin PBXVariantGroup section */
		A9DB906819ECC5BA00127DF6 /* InfoPlist.strings */ = {
			isa = PBXVariantGroup;
			children = (
				A9DB906919ECC5BA00127DF6 /* en */,
			);
			name = InfoPlist.strings;
			sourceTree = "<group>";
		};
		A9DB908A19ECC5BA00127DF6 /* InfoPlist.strings */ = {
			isa = PBXVariantGroup;
			children = (
				A9DB908B19ECC5BA00127DF6 /* en */,
			);
			name = InfoPlist.strings;
			sourceTree = "<group>";
		};
/* End PBXVariantGroup section */

/* Begin XCBuildConfiguration section */
		A9DB908F19ECC5BA00127DF6 /* Debug */ = {
			isa = XCBuildConfiguration;
			buildSettings = {
				ALWAYS_SEARCH_USER_PATHS = NO;
				CLANG_CXX_LANGUAGE_STANDARD = "gnu++0x";
				CLANG_CXX_LIBRARY = "libc++";
				CLANG_ENABLE_MODULES = YES;
				CLANG_ENABLE_OBJC_ARC = YES;
				CLANG_WARN_BOOL_CONVERSION = YES;
				CLANG_WARN_CONSTANT_CONVERSION = YES;
				CLANG_WARN_DIRECT_OBJC_ISA_USAGE = YES_ERROR;
				CLANG_WARN_EMPTY_BODY = YES;
				CLANG_WARN_ENUM_CONVERSION = YES;
				CLANG_WARN_INT_CONVERSION = YES;
				CLANG_WARN_OBJC_ROOT_CLASS = YES_ERROR;
				CLANG_WARN__DUPLICATE_METHOD_MATCH = YES;
				"CODE_SIGN_IDENTITY[sdk=iphoneos*]" = "iPhone Developer";
				COPY_PHASE_STRIP = NO;
				GCC_C_LANGUAGE_STANDARD = gnu99;
				GCC_DYNAMIC_NO_PIC = NO;
				GCC_OPTIMIZATION_LEVEL = 0;
				GCC_PREPROCESSOR_DEFINITIONS = (
					"DEBUG=1",
					"$(inherited)",
				);
				GCC_SYMBOLS_PRIVATE_EXTERN = NO;
				GCC_WARN_64_TO_32_BIT_CONVERSION = YES;
				GCC_WARN_ABOUT_RETURN_TYPE = YES_ERROR;
				GCC_WARN_UNDECLARED_SELECTOR = YES;
				GCC_WARN_UNINITIALIZED_AUTOS = YES_AGGRESSIVE;
				GCC_WARN_UNUSED_FUNCTION = YES;
				GCC_WARN_UNUSED_VARIABLE = YES;
				IPHONEOS_DEPLOYMENT_TARGET = 7.1;
				ONLY_ACTIVE_ARCH = YES;
				SDKROOT = iphoneos;
				TARGETED_DEVICE_FAMILY = "1,2";
			};
			name = Debug;
		};
		A9DB909019ECC5BA00127DF6 /* Release */ = {
			isa = XCBuildConfiguration;
			buildSettings = {
				ALWAYS_SEARCH_USER_PATHS = NO;
				CLANG_CXX_LANGUAGE_STANDARD = "gnu++0x";
				CLANG_CXX_LIBRARY = "libc++";
				CLANG_ENABLE_MODULES = YES;
				CLANG_ENABLE_OBJC_ARC = YES;
				CLANG_WARN_BOOL_CONVERSION = YES;
				CLANG_WARN_CONSTANT_CONVERSION = YES;
				CLANG_WARN_DIRECT_OBJC_ISA_USAGE = YES_ERROR;
				CLANG_WARN_EMPTY_BODY = YES;
				CLANG_WARN_ENUM_CONVERSION = YES;
				CLANG_WARN_INT_CONVERSION = YES;
				CLANG_WARN_OBJC_ROOT_CLASS = YES_ERROR;
				CLANG_WARN__DUPLICATE_METHOD_MATCH = YES;
				"CODE_SIGN_IDENTITY[sdk=iphoneos*]" = "iPhone Developer";
				COPY_PHASE_STRIP = YES;
				ENABLE_NS_ASSERTIONS = NO;
				GCC_C_LANGUAGE_STANDARD = gnu99;
				GCC_WARN_64_TO_32_BIT_CONVERSION = YES;
				GCC_WARN_ABOUT_RETURN_TYPE = YES_ERROR;
				GCC_WARN_UNDECLARED_SELECTOR = YES;
				GCC_WARN_UNINITIALIZED_AUTOS = YES_AGGRESSIVE;
				GCC_WARN_UNUSED_FUNCTION = YES;
				GCC_WARN_UNUSED_VARIABLE = YES;
				IPHONEOS_DEPLOYMENT_TARGET = 7.1;
				SDKROOT = iphoneos;
				TARGETED_DEVICE_FAMILY = "1,2";
				VALIDATE_PRODUCT = YES;
			};
			name = Release;
		};
		A9DB909219ECC5BA00127DF6 /* Debug */ = {
			isa = XCBuildConfiguration;
			buildSettings = {
				ASSETCATALOG_COMPILER_APPICON_NAME = AppIcon;
				ASSETCATALOG_COMPILER_LAUNCHIMAGE_NAME = LaunchImage;
				GCC_PRECOMPILE_PREFIX_HEADER = YES;
				GCC_PREFIX_HEADER = "MyStudentInfo/MyStudentInfo-Prefix.pch";
				INFOPLIST_FILE = "MyStudentInfo/MyStudentInfo-Info.plist";
				PRODUCT_NAME = "$(TARGET_NAME)";
				WRAPPER_EXTENSION = app;
			};
			name = Debug;
		};
		A9DB909319ECC5BA00127DF6 /* Release */ = {
			isa = XCBuildConfiguration;
			buildSettings = {
				ASSETCATALOG_COMPILER_APPICON_NAME = AppIcon;
				ASSETCATALOG_COMPILER_LAUNCHIMAGE_NAME = LaunchImage;
				GCC_PRECOMPILE_PREFIX_HEADER = YES;
				GCC_PREFIX_HEADER = "MyStudentInfo/MyStudentInfo-Prefix.pch";
				INFOPLIST_FILE = "MyStudentInfo/MyStudentInfo-Info.plist";
				PRODUCT_NAME = "$(TARGET_NAME)";
				WRAPPER_EXTENSION = app;
			};
			name = Release;
		};
		A9DB909519ECC5BA00127DF6 /* Debug */ = {
			isa = XCBuildConfiguration;
			buildSettings = {
				BUNDLE_LOADER = "$(BUILT_PRODUCTS_DIR)/MyStudentInfo.app/MyStudentInfo";
				FRAMEWORK_SEARCH_PATHS = (
					"$(SDKROOT)/Developer/Library/Frameworks",
					"$(inherited)",
					"$(DEVELOPER_FRAMEWORKS_DIR)",
				);
				GCC_PRECOMPILE_PREFIX_HEADER = YES;
				GCC_PREFIX_HEADER = "MyStudentInfo/MyStudentInfo-Prefix.pch";
				GCC_PREPROCESSOR_DEFINITIONS = (
					"DEBUG=1",
					"$(inherited)",
				);
				INFOPLIST_FILE = "MyStudentInfoTests/MyStudentInfoTests-Info.plist";
				PRODUCT_NAME = "$(TARGET_NAME)";
				TEST_HOST = "$(BUNDLE_LOADER)";
				WRAPPER_EXTENSION = xctest;
			};
			name = Debug;
		};
		A9DB909619ECC5BA00127DF6 /* Release */ = {
			isa = XCBuildConfiguration;
			buildSettings = {
				BUNDLE_LOADER = "$(BUILT_PRODUCTS_DIR)/MyStudentInfo.app/MyStudentInfo";
				FRAMEWORK_SEARCH_PATHS = (
					"$(SDKROOT)/Developer/Library/Frameworks",
					"$(inherited)",
					"$(DEVELOPER_FRAMEWORKS_DIR)",
				);
				GCC_PRECOMPILE_PREFIX_HEADER = YES;
				GCC_PREFIX_HEADER = "MyStudentInfo/MyStudentInfo-Prefix.pch";
				INFOPLIST_FILE = "MyStudentInfoTests/MyStudentInfoTests-Info.plist";
				PRODUCT_NAME = "$(TARGET_NAME)";
				TEST_HOST = "$(BUNDLE_LOADER)";
				WRAPPER_EXTENSION = xctest;
			};
			name = Release;
		};
/* End XCBuildConfiguration section */

/* Begin XCConfigurationList section */
		A9DB905719ECC5BA00127DF6 /* Build configuration list for PBXProject "MyStudentInfo" */ = {
			isa = XCConfigurationList;
			buildConfigurations = (
				A9DB908F19ECC5BA00127DF6 /* Debug */,
				A9DB909019ECC5BA00127DF6 /* Release */,
			);
			defaultConfigurationIsVisible = 0;
			defaultConfigurationName = Release;
		};
		A9DB909119ECC5BA00127DF6 /* Build configuration list for PBXNativeTarget "MyStudentInfo" */ = {
			isa = XCConfigurationList;
			buildConfigurations = (
				A9DB909219ECC5BA00127DF6 /* Debug */,
				A9DB909319ECC5BA00127DF6 /* Release */,
			);
			defaultConfigurationIsVisible = 0;
			defaultConfigurationName = Release;
		};
		A9DB909419ECC5BA00127DF6 /* Build configuration list for PBXNativeTarget "MyStudentInfoTests" */ = {
			isa = XCConfigurationList;
			buildConfigurations = (
				A9DB909519ECC5BA00127DF6 /* Debug */,
				A9DB909619ECC5BA00127DF6 /* Release */,
			);
			defaultConfigurationIsVisible = 0;
			defaultConfigurationName = Release;
		};
/* End XCConfigurationList section */
	};
	rootObject = A9DB905419ECC5BA00127DF6 /* Project object */;
}
